
Microsoft Visual Studio Solution File, Format Version 12.00
# Visual Studio 15
VisualStudioVersion = 15.0.26124.0
MinimumVisualStudioVersion = 15.0.26124.0
Project("{2150E333-8FDC-42A3-9474-1A3956D46DE8}") = "src", "src", "{EEF9E4AB-58C8-456B-9D64-19EEE2104FCA}"
EndProject
Project("{FAE04EC0-301F-11D3-BF4B-00C04F79EFBC}") = "McLaren.Core", "src\McLaren.Core\McLaren.Core.csproj", "{39894BA5-78EE-48FE-ABAE-5FCC2D5B6095}"
EndProject
Project("{FAE04EC0-301F-11D3-BF4B-00C04F79EFBC}") = "McLaren.Infrastructure", "src\McLaren.Infrastructure\McLaren.Infrastructure.csproj", "{5C8A7E7E-B141-4CCD-8559-4D61A180127A}"
EndProject
Project("{FAE04EC0-301F-11D3-BF4B-00C04F79EFBC}") = "McLaren.Web", "src\McLaren.Web\McLaren.Web.csproj", "{D02DDED5-04CB-4E50-8059-20EF152D79D1}"
EndProject
Project("{2150E333-8FDC-42A3-9474-1A3956D46DE8}") = "tests", "tests", "{0089F755-4C96-428C-9AFD-F5B1EE90F648}"
EndProject
Project("{FAE04EC0-301F-11D3-BF4B-00C04F79EFBC}") = "McLaren.Tests", "tests\McLaren.UnitTests\McLaren.Tests.csproj", "{EA7D69A2-92C0-4C54-B1F0-D7A2D16A4B25}"
EndProject
Project("{FAE04EC0-301F-11D3-BF4B-00C04F79EFBC}") = "McLaren.IntegrationTests", "tests\McLaren.IntegrationTests\McLaren.IntegrationTests.csproj", "{5B95A427-8AD6-4E44-BF07-055BB44EAA72}"
EndProject
Global
	GlobalSection(SolutionConfigurationPlatforms) = preSolution
		Debug|Any CPU = Debug|Any CPU
		Debug|x64 = Debug|x64
		Debug|x86 = Debug|x86
		Release|Any CPU = Release|Any CPU
		Release|x64 = Release|x64
		Release|x86 = Release|x86
	EndGlobalSection
	GlobalSection(SolutionProperties) = preSolution
		HideSolutionNode = FALSE
	EndGlobalSection
	GlobalSection(ProjectConfigurationPlatforms) = postSolution
		{D74588DC-0A10-44E9-A195-08DFEF41DB5C}.Debug|Any CPU.ActiveCfg = Debug|Any CPU
		{D74588DC-0A10-44E9-A195-08DFEF41DB5C}.Debug|Any CPU.Build.0 = Debug|Any CPU
		{D74588DC-0A10-44E9-A195-08DFEF41DB5C}.Debug|x64.ActiveCfg = Debug|Any CPU
		{D74588DC-0A10-44E9-A195-08DFEF41DB5C}.Debug|x64.Build.0 = Debug|Any CPU
		{D74588DC-0A10-44E9-A195-08DFEF41DB5C}.Debug|x86.ActiveCfg = Debug|Any CPU
		{D74588DC-0A10-44E9-A195-08DFEF41DB5C}.Debug|x86.Build.0 = Debug|Any CPU
		{D74588DC-0A10-44E9-A195-08DFEF41DB5C}.Release|Any CPU.ActiveCfg = Release|Any CPU
		{D74588DC-0A10-44E9-A195-08DFEF41DB5C}.Release|Any CPU.Build.0 = Release|Any CPU
		{D74588DC-0A10-44E9-A195-08DFEF41DB5C}.Release|x64.ActiveCfg = Release|Any CPU
		{D74588DC-0A10-44E9-A195-08DFEF41DB5C}.Release|x64.Build.0 = Release|Any CPU
		{D74588DC-0A10-44E9-A195-08DFEF41DB5C}.Release|x86.ActiveCfg = Release|Any CPU
		{D74588DC-0A10-44E9-A195-08DFEF41DB5C}.Release|x86.Build.0 = Release|Any CPU
		{0AFB264F-15B2-4535-9609-D87CE9758A69}.Debug|Any CPU.ActiveCfg = Debug|Any CPU
		{0AFB264F-15B2-4535-9609-D87CE9758A69}.Debug|Any CPU.Build.0 = Debug|Any CPU
		{0AFB264F-15B2-4535-9609-D87CE9758A69}.Debug|x64.ActiveCfg = Debug|Any CPU
		{0AFB264F-15B2-4535-9609-D87CE9758A69}.Debug|x64.Build.0 = Debug|Any CPU
		{0AFB264F-15B2-4535-9609-D87CE9758A69}.Debug|x86.ActiveCfg = Debug|Any CPU
		{0AFB264F-15B2-4535-9609-D87CE9758A69}.Debug|x86.Build.0 = Debug|Any CPU
		{0AFB264F-15B2-4535-9609-D87CE9758A69}.Release|Any CPU.ActiveCfg = Release|Any CPU
		{0AFB264F-15B2-4535-9609-D87CE9758A69}.Release|Any CPU.Build.0 = Release|Any CPU
		{0AFB264F-15B2-4535-9609-D87CE9758A69}.Release|x64.ActiveCfg = Release|Any CPU
		{0AFB264F-15B2-4535-9609-D87CE9758A69}.Release|x64.Build.0 = Release|Any CPU
		{0AFB264F-15B2-4535-9609-D87CE9758A69}.Release|x86.ActiveCfg = Release|Any CPU
		{0AFB264F-15B2-4535-9609-D87CE9758A69}.Release|x86.Build.0 = Release|Any CPU
		{39894BA5-78EE-48FE-ABAE-5FCC2D5B6095}.Debug|Any CPU.ActiveCfg = Debug|Any CPU
		{39894BA5-78EE-48FE-ABAE-5FCC2D5B6095}.Debug|Any CPU.Build.0 = Debug|Any CPU
		{39894BA5-78EE-48FE-ABAE-5FCC2D5B6095}.Debug|x64.ActiveCfg = Debug|Any CPU
		{39894BA5-78EE-48FE-ABAE-5FCC2D5B6095}.Debug|x64.Build.0 = Debug|Any CPU
		{39894BA5-78EE-48FE-ABAE-5FCC2D5B6095}.Debug|x86.ActiveCfg = Debug|Any CPU
		{39894BA5-78EE-48FE-ABAE-5FCC2D5B6095}.Debug|x86.Build.0 = Debug|Any CPU
		{39894BA5-78EE-48FE-ABAE-5FCC2D5B6095}.Release|Any CPU.ActiveCfg = Release|Any CPU
		{39894BA5-78EE-48FE-ABAE-5FCC2D5B6095}.Release|Any CPU.Build.0 = Release|Any CPU
		{39894BA5-78EE-48FE-ABAE-5FCC2D5B6095}.Release|x64.ActiveCfg = Release|Any CPU
		{39894BA5-78EE-48FE-ABAE-5FCC2D5B6095}.Release|x64.Build.0 = Release|Any CPU
		{39894BA5-78EE-48FE-ABAE-5FCC2D5B6095}.Release|x86.ActiveCfg = Release|Any CPU
		{39894BA5-78EE-48FE-ABAE-5FCC2D5B6095}.Release|x86.Build.0 = Release|Any CPU
		{5C8A7E7E-B141-4CCD-8559-4D61A180127A}.Debug|Any CPU.ActiveCfg = Debug|Any CPU
		{5C8A7E7E-B141-4CCD-8559-4D61A180127A}.Debug|Any CPU.Build.0 = Debug|Any CPU
		{5C8A7E7E-B141-4CCD-8559-4D61A180127A}.Debug|x64.ActiveCfg = Debug|Any CPU
		{5C8A7E7E-B141-4CCD-8559-4D61A180127A}.Debug|x64.Build.0 = Debug|Any CPU
		{5C8A7E7E-B141-4CCD-8559-4D61A180127A}.Debug|x86.ActiveCfg = Debug|Any CPU
		{5C8A7E7E-B141-4CCD-8559-4D61A180127A}.Debug|x86.Build.0 = Debug|Any CPU
		{5C8A7E7E-B141-4CCD-8559-4D61A180127A}.Release|Any CPU.ActiveCfg = Release|Any CPU
		{5C8A7E7E-B141-4CCD-8559-4D61A180127A}.Release|Any CPU.Build.0 = Release|Any CPU
		{5C8A7E7E-B141-4CCD-8559-4D61A180127A}.Release|x64.ActiveCfg = Release|Any CPU
		{5C8A7E7E-B141-4CCD-8559-4D61A180127A}.Release|x64.Build.0 = Release|Any CPU
		{5C8A7E7E-B141-4CCD-8559-4D61A180127A}.Release|x86.ActiveCfg = Release|Any CPU
		{5C8A7E7E-B141-4CCD-8559-4D61A180127A}.Release|x86.Build.0 = Release|Any CPU
		{D02DDED5-04CB-4E50-8059-20EF152D79D1}.Debug|Any CPU.ActiveCfg = Debug|Any CPU
		{D02DDED5-04CB-4E50-8059-20EF152D79D1}.Debug|Any CPU.Build.0 = Debug|Any CPU
		{D02DDED5-04CB-4E50-8059-20EF152D79D1}.Debug|x64.ActiveCfg = Debug|Any CPU
		{D02DDED5-04CB-4E50-8059-20EF152D79D1}.Debug|x64.Build.0 = Debug|Any CPU
		{D02DDED5-04CB-4E50-8059-20EF152D79D1}.Debug|x86.ActiveCfg = Debug|Any CPU
		{D02DDED5-04CB-4E50-8059-20EF152D79D1}.Debug|x86.Build.0 = Debug|Any CPU
		{D02DDED5-04CB-4E50-8059-20EF152D79D1}.Release|Any CPU.ActiveCfg = Release|Any CPU
		{D02DDED5-04CB-4E50-8059-20EF152D79D1}.Release|Any CPU.Build.0 = Release|Any CPU
		{D02DDED5-04CB-4E50-8059-20EF152D79D1}.Release|x64.ActiveCfg = Release|Any CPU
		{D02DDED5-04CB-4E50-8059-20EF152D79D1}.Release|x64.Build.0 = Release|Any CPU
		{D02DDED5-04CB-4E50-8059-20EF152D79D1}.Release|x86.ActiveCfg = Release|Any CPU
		{D02DDED5-04CB-4E50-8059-20EF152D79D1}.Release|x86.Build.0 = Release|Any CPU
		{EA7D69A2-92C0-4C54-B1F0-D7A2D16A4B25}.Debug|Any CPU.ActiveCfg = Debug|Any CPU
		{EA7D69A2-92C0-4C54-B1F0-D7A2D16A4B25}.Debug|Any CPU.Build.0 = Debug|Any CPU
		{EA7D69A2-92C0-4C54-B1F0-D7A2D16A4B25}.Debug|x64.ActiveCfg = Debug|Any CPU
		{EA7D69A2-92C0-4C54-B1F0-D7A2D16A4B25}.Debug|x64.Build.0 = Debug|Any CPU
		{EA7D69A2-92C0-4C54-B1F0-D7A2D16A4B25}.Debug|x86.ActiveCfg = Debug|Any CPU
		{EA7D69A2-92C0-4C54-B1F0-D7A2D16A4B25}.Debug|x86.Build.0 = Debug|Any CPU
		{EA7D69A2-92C0-4C54-B1F0-D7A2D16A4B25}.Release|Any CPU.ActiveCfg = Release|Any CPU
		{EA7D69A2-92C0-4C54-B1F0-D7A2D16A4B25}.Release|Any CPU.Build.0 = Release|Any CPU
		{EA7D69A2-92C0-4C54-B1F0-D7A2D16A4B25}.Release|x64.ActiveCfg = Release|Any CPU
		{EA7D69A2-92C0-4C54-B1F0-D7A2D16A4B25}.Release|x64.Build.0 = Release|Any CPU
		{EA7D69A2-92C0-4C54-B1F0-D7A2D16A4B25}.Release|x86.ActiveCfg = Release|Any CPU
		{EA7D69A2-92C0-4C54-B1F0-D7A2D16A4B25}.Release|x86.Build.0 = Release|Any CPU
		{5B95A427-8AD6-4E44-BF07-055BB44EAA72}.Debug|Any CPU.ActiveCfg = Debug|Any CPU
		{5B95A427-8AD6-4E44-BF07-055BB44EAA72}.Debug|Any CPU.Build.0 = Debug|Any CPU
		{5B95A427-8AD6-4E44-BF07-055BB44EAA72}.Debug|x64.ActiveCfg = Debug|Any CPU
		{5B95A427-8AD6-4E44-BF07-055BB44EAA72}.Debug|x64.Build.0 = Debug|Any CPU
		{5B95A427-8AD6-4E44-BF07-055BB44EAA72}.Debug|x86.ActiveCfg = Debug|Any CPU
		{5B95A427-8AD6-4E44-BF07-055BB44EAA72}.Debug|x86.Build.0 = Debug|Any CPU
		{5B95A427-8AD6-4E44-BF07-055BB44EAA72}.Release|Any CPU.ActiveCfg = Release|Any CPU
		{5B95A427-8AD6-4E44-BF07-055BB44EAA72}.Release|Any CPU.Build.0 = Release|Any CPU
		{5B95A427-8AD6-4E44-BF07-055BB44EAA72}.Release|x64.ActiveCfg = Release|Any CPU
		{5B95A427-8AD6-4E44-BF07-055BB44EAA72}.Release|x64.Build.0 = Release|Any CPU
		{5B95A427-8AD6-4E44-BF07-055BB44EAA72}.Release|x86.ActiveCfg = Release|Any CPU
		{5B95A427-8AD6-4E44-BF07-055BB44EAA72}.Release|x86.Build.0 = Release|Any CPU
	EndGlobalSection
	GlobalSection(NestedProjects) = preSolution
		{39894BA5-78EE-48FE-ABAE-5FCC2D5B6095} = {EEF9E4AB-58C8-456B-9D64-19EEE2104FCA}
		{5C8A7E7E-B141-4CCD-8559-4D61A180127A} = {EEF9E4AB-58C8-456B-9D64-19EEE2104FCA}
		{D02DDED5-04CB-4E50-8059-20EF152D79D1} = {EEF9E4AB-58C8-456B-9D64-19EEE2104FCA}
		{EA7D69A2-92C0-4C54-B1F0-D7A2D16A4B25} = {0089F755-4C96-428C-9AFD-F5B1EE90F648}
		{5B95A427-8AD6-4E44-BF07-055BB44EAA72} = {0089F755-4C96-428C-9AFD-F5B1EE90F648}
	EndGlobalSection
EndGlobal
